# This file is autogenerated, do not edit; changes may be undone by the next 'dep ensure'.


[[projects]]
  branch = "master"
  name = "github.com/danielchatfield/go-chalk"
  packages = ["."]
  revision = "31c88e2ddec87537a7a2a1e6a28031b1299f1b2e"

[[projects]]
  name = "github.com/davecgh/go-spew"
  packages = ["spew"]
  revision = "346938d642f2ec3594ed81d874461961cd0faa76"
  version = "v1.1.0"

[[projects]]
  branch = "master"
  name = "github.com/nickwanninger/llvm"
  packages = ["."]
  revision = "c8914dc5244584970ee28d046064ce246890cd69"

[[projects]]
  name = "github.com/timtadh/data-structures"
  packages = [
    "errors",
    "hashtable",
    "linked",
    "list",
    "rand",
    "set",
    "tree",
    "tree/avl",
    "types"
  ]
  revision = "cd0c1de5390876f92ce0762c9c626a569b124f24"
  version = "v0.5.2"

[[projects]]
  name = "github.com/timtadh/lexmachine"
  packages = [
    ".",
    "dfa",
    "frontend",
    "inst",
    "machines",
    "queue"
  ]
  revision = "1fc6bf654cb92be37fc21e477a19d27f6c639aff"
  version = "v0.2.2"

[solve-meta]
  analyzer-name = "dep"
  analyzer-version = 1
  inputs-digest = "47a1a5ee8277a6a6f64215d7a06122e328d31b94a50cfd2c51bbdcca18cc372a"
  solver-name = "gps-cdcl"
  solver-version = 1
